
Microsoft Visual Studio Solution File, Format Version 12.00
# Visual Studio Version 16
VisualStudioVersion = 16.0.31702.278
MinimumVisualStudioVersion = 10.0.40219.1
Project("{8BC9CEB8-8B4A-11D0-8D11-00A0C91BC942}") = "Mapa lini kolejowych", "Mapa lini kolejowych\Mapa lini kolejowych.vcxproj", "{01C01168-BBE1-4523-81AD-BF894D6D8776}"
EndProject
Global
	GlobalSection(SolutionConfigurationPlatforms) = preSolution
		Debug|x64 = Debug|x64
		Debug|x86 = Debug|x86
		Release|x64 = Release|x64
		Release|x86 = Release|x86
	EndGlobalSection
	GlobalSection(ProjectConfigurationPlatforms) = postSolution
		{01C01168-BBE1-4523-81AD-BF894D6D8776}.Debug|x64.ActiveCfg = Debug|x64
		{01C01168-BBE1-4523-81AD-BF894D6D8776}.Debug|x64.Build.0 = Debug|x64
		{01C01168-BBE1-4523-81AD-BF894D6D8776}.Debug|x86.ActiveCfg = Debug|Win32
		{01C01168-BBE1-4523-81AD-BF894D6D8776}.Debug|x86.Build.0 = Debug|Win32
		{01C01168-BBE1-4523-81AD-BF894D6D8776}.Release|x64.ActiveCfg = Release|x64
		{01C01168-BBE1-4523-81AD-BF894D6D8776}.Release|x64.Build.0 = Release|x64
		{01C01168-BBE1-4523-81AD-BF894D6D8776}.Release|x86.ActiveCfg = Release|Win32
		{01C01168-BBE1-4523-81AD-BF894D6D8776}.Release|x86.Build.0 = Release|Win32
	EndGlobalSection
	GlobalSection(SolutionProperties) = preSolution
		HideSolutionNode = FALSE
	EndGlobalSection
	GlobalSection(ExtensibilityGlobals) = postSolution
		SolutionGuid = {32285CDD-D160-49D4-A50D-2C5636FC9703}
	EndGlobalSection
EndGlobal
