<?xml version="1.0" encoding="utf-8"?>
<Project ToolsVersion="4.0" xmlns="http://schemas.microsoft.com/developer/msbuild/2003">
  <ItemGroup>
    <Filter Include="Source Files">
      <UniqueIdentifier>{4FC737F1-C7A5-4376-A066-2A32D752A2FF}</UniqueIdentifier>
      <Extensions>cpp;c;cc;cxx;c++;cppm;ixx;def;odl;idl;hpj;bat;asm;asmx</Extensions>
    </Filter>
    <Filter Include="Header Files">
      <UniqueIdentifier>{93995380-89BD-4b04-88EB-625FBE52EBFB}</UniqueIdentifier>
      <Extensions>h;hh;hpp;hxx;h++;hm;inl;inc;ipp;xsd</Extensions>
    </Filter>
    <Filter Include="Resource Files">
      <UniqueIdentifier>{67DA6AB6-F800-4c08-8B7A-83BB121AAD01}</UniqueIdentifier>
      <Extensions>rc;ico;cur;bmp;dlg;rc2;rct;bin;rgs;gif;jpg;jpeg;jpe;resx;tiff;tif;png;wav;mfcribbon-ms</Extensions>
    </Filter>
    <Filter Include="Website">
      <UniqueIdentifier>{38a5f280-8b14-4bf1-9d62-a5b2355293fe}</UniqueIdentifier>
    </Filter>
    <Filter Include="SQL">
      <UniqueIdentifier>{a0835b19-c197-498b-b274-ec1d3dd24cf6}</UniqueIdentifier>
    </Filter>
    <Filter Include="Overpass Data">
      <UniqueIdentifier>{d02fe339-cce2-4867-8799-302b2735a474}</UniqueIdentifier>
    </Filter>
    <Filter Include="Controllers">
      <UniqueIdentifier>{e1c4ec51-1769-4946-a583-6aea69331781}</UniqueIdentifier>
    </Filter>
    <Filter Include="Data Types">
      <UniqueIdentifier>{fef706d0-52ca-4d19-a1ca-a3b7418df370}</UniqueIdentifier>
    </Filter>
  </ItemGroup>
  <ItemGroup>
    <ClCompile Include="main.cpp">
      <Filter>Source Files</Filter>
    </ClCompile>
    <ClCompile Include="Database.cpp">
      <Filter>Source Files</Filter>
    </ClCompile>
    <ClCompile Include="Server.cpp">
      <Filter>Source Files</Filter>
    </ClCompile>
    <ClCompile Include="Controllers\Bounds.cpp">
      <Filter>Controllers</Filter>
    </ClCompile>
    <ClCompile Include="resources.cpp">
      <Filter>Source Files</Filter>
    </ClCompile>
    <ClCompile Include="Controllers\getElement.cpp">
      <Filter>Controllers</Filter>
    </ClCompile>
    <ClCompile Include="Controllers\findElement.cpp">
      <Filter>Controllers</Filter>
    </ClCompile>
    <ClCompile Include="database_creation.cpp">
      <Filter>Source Files</Filter>
    </ClCompile>
    <ClCompile Include="GeoJSON_conversion.cpp">
      <Filter>Source Files</Filter>
    </ClCompile>
    <ClCompile Include="translator.cpp">
      <Filter>Source Files</Filter>
    </ClCompile>
    <ClCompile Include="Router.cpp">
      <Filter>Source Files</Filter>
    </ClCompile>
    <ClCompile Include="utilities.cpp">
      <Filter>Source Files</Filter>
    </ClCompile>
    <ClCompile Include="Controllers\routing.cpp">
      <Filter>Controllers</Filter>
    </ClCompile>
  </ItemGroup>
  <ItemGroup>
    <None Include="Website\index.html">
      <Filter>Website</Filter>
    </None>
    <None Include="Website\Leaflet.js">
      <Filter>Website</Filter>
    </None>
    <None Include="SQL\GeoJSON.sql">
      <Filter>SQL</Filter>
    </None>
    <None Include="Website\green.css">
      <Filter>Website</Filter>
    </None>
    <None Include="Website\grey.css">
      <Filter>Website</Filter>
    </None>
    <None Include="Website\Cookies.js">
      <Filter>Website</Filter>
    </None>
    <None Include="Website\map.html">
      <Filter>Website</Filter>
    </None>
    <None Include="Website\search.html">
      <Filter>Website</Filter>
    </None>
    <None Include="Website\search.js">
      <Filter>Website</Filter>
    </None>
    <None Include="Website\index.css">
      <Filter>Website</Filter>
    </None>
    <None Include="Website\index.js">
      <Filter>Website</Filter>
    </None>
    <None Include="Website\search.css">
      <Filter>Website</Filter>
    </None>
    <None Include="Website\map_popups.js">
      <Filter>Website</Filter>
    </None>
    <None Include="Website\Legend.js">
      <Filter>Website</Filter>
    </None>
    <None Include="..\README.md" />
    <None Include="Overpass data\Overpass query.overpassql">
      <Filter>Overpass Data</Filter>
    </None>
  </ItemGroup>
  <ItemGroup>
    <ClInclude Include="Database.h">
      <Filter>Header Files</Filter>
    </ClInclude>
    <ClInclude Include="Server.h">
      <Filter>Header Files</Filter>
    </ClInclude>
    <ClInclude Include="resources.h">
      <Filter>Header Files</Filter>
    </ClInclude>
    <ClInclude Include="Controllers\Bounds.h">
      <Filter>Controllers</Filter>
    </ClInclude>
    <ClInclude Include="Controllers\getElement.h">
      <Filter>Controllers</Filter>
    </ClInclude>
    <ClInclude Include="Controllers\findElement.h">
      <Filter>Controllers</Filter>
    </ClInclude>
    <ClInclude Include="GeoJSON_conversion.h">
      <Filter>Header Files</Filter>
    </ClInclude>
    <ClInclude Include="utilities.h">
      <Filter>Header Files</Filter>
    </ClInclude>
    <ClInclude Include="Data Types\Database_Types.hpp">
      <Filter>Data Types</Filter>
    </ClInclude>
    <ClInclude Include="Data Types\Railnode.hpp">
      <Filter>Data Types</Filter>
    </ClInclude>
    <ClInclude Include="Data Types\Railway.hpp">
      <Filter>Data Types</Filter>
    </ClInclude>
    <ClInclude Include="Data Types\Railway_line.hpp">
      <Filter>Data Types</Filter>
    </ClInclude>
    <ClInclude Include="Data Types\Railway_station.hpp">
      <Filter>Data Types</Filter>
    </ClInclude>
    <ClInclude Include="BoundingBox.hpp">
      <Filter>Data Types</Filter>
    </ClInclude>
    <ClInclude Include="Router.h">
      <Filter>Header Files</Filter>
    </ClInclude>
    <ClInclude Include="Controllers\routing.h">
      <Filter>Controllers</Filter>
    </ClInclude>
  </ItemGroup>
</Project>